// !$*UTF8*$!
{
	archiveVersion = 1;
	classes = {
	};
	objectVersion = 46;
	objects = {

/* Begin PBXBuildFile section */
		187DF29D1B8F320B001AFA5A /* AppDelegate.swift in Sources */ = {isa = PBXBuildFile; fileRef = 187DF29C1B8F320B001AFA5A /* AppDelegate.swift */; };
		187DF29F1B8F320B001AFA5A /* ViewController.swift in Sources */ = {isa = PBXBuildFile; fileRef = 187DF29E1B8F320B001AFA5A /* ViewController.swift */; };
		187DF2A21B8F320B001AFA5A /* Main.storyboard in Resources */ = {isa = PBXBuildFile; fileRef = 187DF2A01B8F320B001AFA5A /* Main.storyboard */; };
		187DF2A41B8F320B001AFA5A /* Images.xcassets in Resources */ = {isa = PBXBuildFile; fileRef = 187DF2A31B8F320B001AFA5A /* Images.xcassets */; };
		187DF2A71B8F320B001AFA5A /* LaunchScreen.xib in Resources */ = {isa = PBXBuildFile; fileRef = 187DF2A51B8F320B001AFA5A /* LaunchScreen.xib */; };
		187DF2B31B8F320B001AFA5A /* InstagramFeedTests.swift in Sources */ = {isa = PBXBuildFile; fileRef = 187DF2B21B8F320B001AFA5A /* InstagramFeedTests.swift */; };
/* End PBXBuildFile section */

/* Begin PBXContainerItemProxy section */
		187DF2AD1B8F320B001AFA5A /* PBXContainerItemProxy */ = {
			isa = PBXContainerItemProxy;
			containerPortal = 187DF28F1B8F320B001AFA5A /* Project object */;
			proxyType = 1;
			remoteGlobalIDString = 187DF2961B8F320B001AFA5A;
			remoteInfo = InstagramFeed;
		};
/* End PBXContainerItemProxy section */

/* Begin PBXFileReference section */
		187DF2971B8F320B001AFA5A /* InstagramFeed.app */ = {isa = PBXFileReference; explicitFileType = wrapper.application; includeInIndex = 0; path = InstagramFeed.app; sourceTree = BUILT_PRODUCTS_DIR; };
		187DF29B1B8F320B001AFA5A /* Info.plist */ = {isa = PBXFileReference; lastKnownFileType = text.plist.xml; path = Info.plist; sourceTree = "<group>"; };
		187DF29C1B8F320B001AFA5A /* AppDelegate.swift */ = {isa = PBXFileReference; lastKnownFileType = sourcecode.swift; path = AppDelegate.swift; sourceTree = "<group>"; };
		187DF29E1B8F320B001AFA5A /* ViewController.swift */ = {isa = PBXFileReference; lastKnownFileType = sourcecode.swift; path = ViewController.swift; sourceTree = "<group>"; };
		187DF2A11B8F320B001AFA5A /* Base */ = {isa = PBXFileReference; lastKnownFileType = file.storyboard; name = Base; path = Base.lproj/Main.storyboard; sourceTree = "<group>"; };
		187DF2A31B8F320B001AFA5A /* Images.xcassets */ = {isa = PBXFileReference; lastKnownFileType = folder.assetcatalog; path = Images.xcassets; sourceTree = "<group>"; };
		187DF2A61B8F320B001AFA5A /* Base */ = {isa = PBXFileReference; lastKnownFileType = file.xib; name = Base; path = Base.lproj/LaunchScreen.xib; sourceTree = "<group>"; };
		187DF2AC1B8F320B001AFA5A /* InstagramFeedTests.xctest */ = {isa = PBXFileReference; explicitFileType = wrapper.cfbundle; includeInIndex = 0; path = InstagramFeedTests.xctest; sourceTree = BUILT_PRODUCTS_DIR; };
		187DF2B11B8F320B001AFA5A /* Info.plist */ = {isa = PBXFileReference; lastKnownFileType = text.plist.xml; path = Info.plist; sourceTree = "<group>"; };
		187DF2B21B8F320B001AFA5A /* InstagramFeedTests.swift */ = {isa = PBXFileReference; lastKnownFileType = sourcecode.swift; path = InstagramFeedTests.swift; sourceTree = "<group>"; };
/* End PBXFileReference section */

/* Begin PBXFrameworksBuildPhase section */
		187DF2941B8F320B001AFA5A /* Frameworks */ = {
			isa = PBXFrameworksBuildPhase;
			buildActionMask = 2147483647;
			files = (
			);
			runOnlyForDeploymentPostprocessing = 0;
		};
		187DF2A91B8F320B001AFA5A /* Frameworks */ = {
			isa = PBXFrameworksBuildPhase;
			buildActionMask = 2147483647;
			files = (
			);
			runOnlyForDeploymentPostprocessing = 0;
		};
/* End PBXFrameworksBuildPhase section */

/* Begin PBXGroup section */
		187DF28E1B8F320B001AFA5A = {
			isa = PBXGroup;
			children = (
				187DF2991B8F320B001AFA5A /* InstagramFeed */,
				187DF2AF1B8F320B001AFA5A /* InstagramFeedTests */,
				187DF2981B8F320B001AFA5A /* Products */,
			);
			sourceTree = "<group>";
		};
		187DF2981B8F320B001AFA5A /* Products */ = {
			isa = PBXGroup;
			children = (
				187DF2971B8F320B001AFA5A /* InstagramFeed.app */,
				187DF2AC1B8F320B001AFA5A /* InstagramFeedTests.xctest */,
			);
			name = Products;
			sourceTree = "<group>";
		};
		187DF2991B8F320B001AFA5A /* InstagramFeed */ = {
			isa = PBXGroup;
			children = (
				187DF29C1B8F320B001AFA5A /* AppDelegate.swift */,
				187DF29E1B8F320B001AFA5A /* ViewController.swift */,
				187DF2A01B8F320B001AFA5A /* Main.storyboard */,
				187DF2A31B8F320B001AFA5A /* Images.xcassets */,
				187DF2A51B8F320B001AFA5A /* LaunchScreen.xib */,
				187DF29A1B8F320B001AFA5A /* Supporting Files */,
			);
			path = InstagramFeed;
			sourceTree = "<group>";
		};
		187DF29A1B8F320B001AFA5A /* Supporting Files */ = {
			isa = PBXGroup;
			children = (
				187DF29B1B8F320B001AFA5A /* Info.plist */,
			);
			name = "Supporting Files";
			sourceTree = "<group>";
		};
		187DF2AF1B8F320B001AFA5A /* InstagramFeedTests */ = {
			isa = PBXGroup;
			children = (
				187DF2B21B8F320B001AFA5A /* InstagramFeedTests.swift */,
				187DF2B01B8F320B001AFA5A /* Supporting Files */,
			);
			path = InstagramFeedTests;
			sourceTree = "<group>";
		};
		187DF2B01B8F320B001AFA5A /* Supporting Files */ = {
			isa = PBXGroup;
			children = (
				187DF2B11B8F320B001AFA5A /* Info.plist */,
			);
			name = "Supporting Files";
			sourceTree = "<group>";
		};
/* End PBXGroup section */

/* Begin PBXNativeTarget section */
		187DF2961B8F320B001AFA5A /* InstagramFeed */ = {
			isa = PBXNativeTarget;
			buildConfigurationList = 187DF2B61B8F320B001AFA5A /* Build configuration list for PBXNativeTarget "InstagramFeed" */;
			buildPhases = (
				187DF2931B8F320B001AFA5A /* Sources */,
				187DF2941B8F320B001AFA5A /* Frameworks */,
				187DF2951B8F320B001AFA5A /* Resources */,
			);
			buildRules = (
			);
			dependencies = (
			);
			name = InstagramFeed;
			productName = InstagramFeed;
			productReference = 187DF2971B8F320B001AFA5A /* InstagramFeed.app */;
			productType = "com.apple.product-type.application";
		};
		187DF2AB1B8F320B001AFA5A /* InstagramFeedTests */ = {
			isa = PBXNativeTarget;
			buildConfigurationList = 187DF2B91B8F320B001AFA5A /* Build configuration list for PBXNativeTarget "InstagramFeedTests" */;
			buildPhases = (
				187DF2A81B8F320B001AFA5A /* Sources */,
				187DF2A91B8F320B001AFA5A /* Frameworks */,
				187DF2AA1B8F320B001AFA5A /* Resources */,
			);
			buildRules = (
			);
			dependencies = (
				187DF2AE1B8F320B001AFA5A /* PBXTargetDependency */,
			);
			name = InstagramFeedTests;
			productName = InstagramFeedTests;
			productReference = 187DF2AC1B8F320B001AFA5A /* InstagramFeedTests.xctest */;
			productType = "com.apple.product-type.bundle.unit-test";
		};
/* End PBXNativeTarget section */

/* Begin PBXProject section */
		187DF28F1B8F320B001AFA5A /* Project object */ = {
			isa = PBXProject;
			attributes = {
				LastUpgradeCheck = 0640;
				ORGANIZATIONNAME = "Chau Vo";
				TargetAttributes = {
					187DF2961B8F320B001AFA5A = {
						CreatedOnToolsVersion = 6.4;
					};
					187DF2AB1B8F320B001AFA5A = {
						CreatedOnToolsVersion = 6.4;
						TestTargetID = 187DF2961B8F320B001AFA5A;
					};
				};
			};
			buildConfigurationList = 187DF2921B8F320B001AFA5A /* Build configuration list for PBXProject "InstagramFeed" */;
			compatibilityVersion = "Xcode 3.2";
			developmentRegion = English;
			hasScannedForEncodings = 0;
			knownRegions = (
				en,
				Base,
			);
			mainGroup = 187DF28E1B8F320B001AFA5A;
			productRefGroup = 187DF2981B8F320B001AFA5A /* Products */;
			projectDirPath = "";
			projectRoot = "";
			targets = (
				187DF2961B8F320B001AFA5A /* InstagramFeed */,
				187DF2AB1B8F320B001AFA5A /* InstagramFeedTests */,
			);
		};
/* End PBXProject section */

/* Begin PBXResourcesBuildPhase section */
		187DF2951B8F320B001AFA5A /* Resources */ = {
			isa = PBXResourcesBuildPhase;
			buildActionMask = 2147483647;
			files = (
				187DF2A21B8F320B001AFA5A /* Main.storyboard in Resources */,
				187DF2A71B8F320B001AFA5A /* LaunchScreen.xib in Resources */,
				187DF2A41B8F320B001AFA5A /* Images.xcassets in Resources */,
			);
			runOnlyForDeploymentPostprocessing = 0;
		};
		187DF2AA1B8F320B001AFA5A /* Resources */ = {
			isa = PBXResourcesBuildPhase;
			buildActionMask = 2147483647;
			files = (
			);
			runOnlyForDeploymentPostprocessing = 0;
		};
/* End PBXResourcesBuildPhase section */

/* Begin PBXSourcesBuildPhase section */
		187DF2931B8F320B001AFA5A /* Sources */ = {
			isa = PBXSourcesBuildPhase;
			buildActionMask = 2147483647;
			files = (
				187DF29F1B8F320B001AFA5A /* ViewController.swift in Sources */,
				187DF29D1B8F320B001AFA5A /* AppDelegate.swift in Sources */,
			);
			runOnlyForDeploymentPostprocessing = 0;
		};
		187DF2A81B8F320B001AFA5A /* Sources */ = {
			isa = PBXSourcesBuildPhase;
			buildActionMask = 2147483647;
			files = (
				187DF2B31B8F320B001AFA5A /* InstagramFeedTests.swift in Sources */,
			);
			runOnlyForDeploymentPostprocessing = 0;
		};
/* End PBXSourcesBuildPhase section */

/* Begin PBXTargetDependency section */
		187DF2AE1B8F320B001AFA5A /* PBXTargetDependency */ = {
			isa = PBXTargetDependency;
			target = 187DF2961B8F320B001AFA5A /* InstagramFeed */;
			targetProxy = 187DF2AD1B8F320B001AFA5A /* PBXContainerItemProxy */;
		};
/* End PBXTargetDependency section */

/* Begin PBXVariantGroup section */
		187DF2A01B8F320B001AFA5A /* Main.storyboard */ = {
			isa = PBXVariantGroup;
			children = (
				187DF2A11B8F320B001AFA5A /* Base */,
			);
			name = Main.storyboard;
			sourceTree = "<group>";
		};
		187DF2A51B8F320B001AFA5A /* LaunchScreen.xib */ = {
			isa = PBXVariantGroup;
			children = (
				187DF2A61B8F320B001AFA5A /* Base */,
			);
			name = LaunchScreen.xib;
			sourceTree = "<group>";
		};
/* End PBXVariantGroup section */

/* Begin XCBuildConfiguration section */
		187DF2B41B8F320B001AFA5A /* Debug */ = {
			isa = XCBuildConfiguration;
			buildSettings = {
				ALWAYS_SEARCH_USER_PATHS = NO;
				CLANG_CXX_LANGUAGE_STANDARD = "gnu++0x";
				CLANG_CXX_LIBRARY = "libc++";
				CLANG_ENABLE_MODULES = YES;
				CLANG_ENABLE_OBJC_ARC = YES;
				CLANG_WARN_BOOL_CONVERSION = YES;
				CLANG_WARN_CONSTANT_CONVERSION = YES;
				CLANG_WARN_DIRECT_OBJC_ISA_USAGE = YES_ERROR;
				CLANG_WARN_EMPTY_BODY = YES;
				CLANG_WARN_ENUM_CONVERSION = YES;
				CLANG_WARN_INT_CONVERSION = YES;
				CLANG_WARN_OBJC_ROOT_CLASS = YES_ERROR;
				CLANG_WARN_UNREACHABLE_CODE = YES;
				CLANG_WARN__DUPLICATE_METHOD_MATCH = YES;
				"CODE_SIGN_IDENTITY[sdk=iphoneos*]" = "iPhone Developer";
				COPY_PHASE_STRIP = NO;
				DEBUG_INFORMATION_FORMAT = "dwarf-with-dsym";
				ENABLE_STRICT_OBJC_MSGSEND = YES;
				GCC_C_LANGUAGE_STANDARD = gnu99;
				GCC_DYNAMIC_NO_PIC = NO;
				GCC_NO_COMMON_BLOCKS = YES;
				GCC_OPTIMIZATION_LEVEL = 0;
				GCC_PREPROCESSOR_DEFINITIONS = (
					"DEBUG=1",
					"$(inherited)",
				);
				GCC_SYMBOLS_PRIVATE_EXTERN = NO;
				GCC_WARN_64_TO_32_BIT_CONVERSION = YES;
				GCC_WARN_ABOUT_RETURN_TYPE = YES_ERROR;
				GCC_WARN_UNDECLARED_SELECTOR = YES;
				GCC_WARN_UNINITIALIZED_AUTOS = YES_AGGRESSIVE;
				GCC_WARN_UNUSED_FUNCTION = YES;
				GCC_WARN_UNUSED_VARIABLE = YES;
				IPHONEOS_DEPLOYMENT_TARGET = 8.4;
				MTL_ENABLE_DEBUG_INFO = YES;
				ONLY_ACTIVE_ARCH = YES;
				SDKROOT = iphoneos;
				SWIFT_OPTIMIZATION_LEVEL = "-Onone";
				TARGETED_DEVICE_FAMILY = "1,2";
			};
			name = Debug;
		};
		187DF2B51B8F320B001AFA5A /* Release */ = {
			isa = XCBuildConfiguration;
			buildSettings = {
				ALWAYS_SEARCH_USER_PATHS = NO;
				CLANG_CXX_LANGUAGE_STANDARD = "gnu++0x";
				CLANG_CXX_LIBRARY = "libc++";
				CLANG_ENABLE_MODULES = YES;
				CLANG_ENABLE_OBJC_ARC = YES;
				CLANG_WARN_BOOL_CONVERSION = YES;
				CLANG_WARN_CONSTANT_CONVERSION = YES;
				CLANG_WARN_DIRECT_OBJC_ISA_USAGE = YES_ERROR;
				CLANG_WARN_EMPTY_BODY = YES;
				CLANG_WARN_ENUM_CONVERSION = YES;
				CLANG_WARN_INT_CONVERSION = YES;
				CLANG_WARN_OBJC_ROOT_CLASS = YES_ERROR;
				CLANG_WARN_UNREACHABLE_CODE = YES;
				CLANG_WARN__DUPLICATE_METHOD_MATCH = YES;
				"CODE_SIGN_IDENTITY[sdk=iphoneos*]" = "iPhone Developer";
				COPY_PHASE_STRIP = NO;
				DEBUG_INFORMATION_FORMAT = "dwarf-with-dsym";
				ENABLE_NS_ASSERTIONS = NO;
				ENABLE_STRICT_OBJC_MSGSEND = YES;
				GCC_C_LANGUAGE_STANDARD = gnu99;
				GCC_NO_COMMON_BLOCKS = YES;
				GCC_WARN_64_TO_32_BIT_CONVERSION = YES;
				GCC_WARN_ABOUT_RETURN_TYPE = YES_ERROR;
				GCC_WARN_UNDECLARED_SELECTOR = YES;
				GCC_WARN_UNINITIALIZED_AUTOS = YES_AGGRESSIVE;
				GCC_WARN_UNUSED_FUNCTION = YES;
				GCC_WARN_UNUSED_VARIABLE = YES;
				IPHONEOS_DEPLOYMENT_TARGET = 8.4;
				MTL_ENABLE_DEBUG_INFO = NO;
				SDKROOT = iphoneos;
				TARGETED_DEVICE_FAMILY = "1,2";
				VALIDATE_PRODUCT = YES;
			};
			name = Release;
		};
		187DF2B71B8F320B001AFA5A /* Debug */ = {
			isa = XCBuildConfiguration;
			buildSettings = {
				ASSETCATALOG_COMPILER_APPICON_NAME = AppIcon;
				INFOPLIST_FILE = InstagramFeed/Info.plist;
				LD_RUNPATH_SEARCH_PATHS = "$(inherited) @executable_path/Frameworks";
				PRODUCT_NAME = "$(TARGET_NAME)";
			};
			name = Debug;
		};
		187DF2B81B8F320B001AFA5A /* Release */ = {
			isa = XCBuildConfiguration;
			buildSettings = {
				ASSETCATALOG_COMPILER_APPICON_NAME = AppIcon;
				INFOPLIST_FILE = InstagramFeed/Info.plist;
				LD_RUNPATH_SEARCH_PATHS = "$(inherited) @executable_path/Frameworks";
				PRODUCT_NAME = "$(TARGET_NAME)";
			};
			name = Release;
		};
		187DF2BA1B8F320B001AFA5A /* Debug */ = {
			isa = XCBuildConfiguration;
			buildSettings = {
				BUNDLE_LOADER = "$(TEST_HOST)";
				FRAMEWORK_SEARCH_PATHS = (
					"$(SDKROOT)/Developer/Library/Frameworks",
					"$(inherited)",
				);
				GCC_PREPROCESSOR_DEFINITIONS = (
					"DEBUG=1",
					"$(inherited)",
				);
				INFOPLIST_FILE = InstagramFeedTests/Info.plist;
				LD_RUNPATH_SEARCH_PATHS = "$(inherited) @executable_path/Frameworks @loader_path/Frameworks";
				PRODUCT_NAME = "$(TARGET_NAME)";
				TEST_HOST = "$(BUILT_PRODUCTS_DIR)/InstagramFeed.app/InstagramFeed";
			};
			name = Debug;
		};
		187DF2BB1B8F320B001AFA5A /* Release */ = {
			isa = XCBuildConfiguration;
			buildSettings = {
				BUNDLE_LOADER = "$(TEST_HOST)";
				FRAMEWORK_SEARCH_PATHS = (
					"$(SDKROOT)/Developer/Library/Frameworks",
					"$(inherited)",
				);
				INFOPLIST_FILE = InstagramFeedTests/Info.plist;
				LD_RUNPATH_SEARCH_PATHS = "$(inherited) @executable_path/Frameworks @loader_path/Frameworks";
				PRODUCT_NAME = "$(TARGET_NAME)";
				TEST_HOST = "$(BUILT_PRODUCTS_DIR)/InstagramFeed.app/InstagramFeed";
			};
			name = Release;
		};
/* End XCBuildConfiguration section */

/* Begin XCConfigurationList section */
		187DF2921B8F320B001AFA5A /* Build configuration list for PBXProject "InstagramFeed" */ = {
			isa = XCConfigurationList;
			buildConfigurations = (
				187DF2B41B8F320B001AFA5A /* Debug */,
				187DF2B51B8F320B001AFA5A /* Release */,
			);
			defaultConfigurationIsVisible = 0;
			defaultConfigurationName = Release;
		};
		187DF2B61B8F320B001AFA5A /* Build configuration list for PBXNativeTarget "InstagramFeed" */ = {
			isa = XCConfigurationList;
			buildConfigurations = (
				187DF2B71B8F320B001AFA5A /* Debug */,
				187DF2B81B8F320B001AFA5A /* Release */,
			);
			defaultConfigurationIsVisible = 0;
		};
		187DF2B91B8F320B001AFA5A /* Build configuration list for PBXNativeTarget "InstagramFeedTests" */ = {
			isa = XCConfigurationList;
			buildConfigurations = (
				187DF2BA1B8F320B001AFA5A /* Debug */,
				187DF2BB1B8F320B001AFA5A /* Release */,
			);
			defaultConfigurationIsVisible = 0;
		};
/* End XCConfigurationList section */
	};
	rootObject = 187DF28F1B8F320B001AFA5A /* Project object */;
}
